
Microsoft Visual Studio Solution File, Format Version 12.00
Project("{FAE04EC0-301F-11D3-BF4B-00C04F79EFBC}") = "JavaServerParser", "JavaServerParser\JavaServerParser.csproj", "{FCFCE984-3917-411C-A7DD-DAA83CFD5F6C}"
EndProject
Project("{FAE04EC0-301F-11D3-BF4B-00C04F79EFBC}") = "Roslyn", "Roslyn\Roslyn.csproj", "{E236C700-A292-4FAE-922F-ABEE61C85C94}"
EndProject
Project("{FAE04EC0-301F-11D3-BF4B-00C04F79EFBC}") = "CSharpClient", "CSharpClient\CSharpClient.csproj", "{33CA07FB-20F1-4A17-A19B-0C410A8638C7}"
EndProject
Global
	GlobalSection(SolutionConfigurationPlatforms) = preSolution
		Debug|Any CPU = Debug|Any CPU
		Release|Any CPU = Release|Any CPU
	EndGlobalSection
	GlobalSection(ProjectConfigurationPlatforms) = postSolution
		{FCFCE984-3917-411C-A7DD-DAA83CFD5F6C}.Debug|Any CPU.ActiveCfg = Debug|Any CPU
		{FCFCE984-3917-411C-A7DD-DAA83CFD5F6C}.Debug|Any CPU.Build.0 = Debug|Any CPU
		{FCFCE984-3917-411C-A7DD-DAA83CFD5F6C}.Release|Any CPU.ActiveCfg = Release|Any CPU
		{FCFCE984-3917-411C-A7DD-DAA83CFD5F6C}.Release|Any CPU.Build.0 = Release|Any CPU
		{E236C700-A292-4FAE-922F-ABEE61C85C94}.Debug|Any CPU.ActiveCfg = Debug|Any CPU
		{E236C700-A292-4FAE-922F-ABEE61C85C94}.Debug|Any CPU.Build.0 = Debug|Any CPU
		{E236C700-A292-4FAE-922F-ABEE61C85C94}.Release|Any CPU.ActiveCfg = Release|Any CPU
		{E236C700-A292-4FAE-922F-ABEE61C85C94}.Release|Any CPU.Build.0 = Release|Any CPU
		{33CA07FB-20F1-4A17-A19B-0C410A8638C7}.Debug|Any CPU.ActiveCfg = Debug|Any CPU
		{33CA07FB-20F1-4A17-A19B-0C410A8638C7}.Debug|Any CPU.Build.0 = Debug|Any CPU
		{33CA07FB-20F1-4A17-A19B-0C410A8638C7}.Release|Any CPU.ActiveCfg = Release|Any CPU
		{33CA07FB-20F1-4A17-A19B-0C410A8638C7}.Release|Any CPU.Build.0 = Release|Any CPU
	EndGlobalSection
EndGlobal
